// !$*UTF8*$!
{
	archiveVersion = 1;
	classes = {
	};
	objectVersion = 56;
	objects = {

/* Begin PBXBuildFile section */
		1D80C27A2B062D530006973A /* plantAIApp.swift in Sources */ = {isa = PBXBuildFile; fileRef = 1D80C2792B062D530006973A /* plantAIApp.swift */; };
		1D80C27C2B062D530006973A /* MainView.swift in Sources */ = {isa = PBXBuildFile; fileRef = 1D80C27B2B062D530006973A /* MainView.swift */; };
		1D80C27E2B062D540006973A /* Assets.xcassets in Resources */ = {isa = PBXBuildFile; fileRef = 1D80C27D2B062D540006973A /* Assets.xcassets */; };
		1D80C2812B062D540006973A /* Preview Assets.xcassets in Resources */ = {isa = PBXBuildFile; fileRef = 1D80C2802B062D540006973A /* Preview Assets.xcassets */; };
		1D80C2882B0633F20006973A /* ImagePicker.swift in Sources */ = {isa = PBXBuildFile; fileRef = 1D80C2872B0633F20006973A /* ImagePicker.swift */; };
		1D80C2942B077FD40006973A /* ImageClassifier.swift in Sources */ = {isa = PBXBuildFile; fileRef = 1D80C2932B077FD40006973A /* ImageClassifier.swift */; };
		1D80C2962B0780620006973A /* Classifier.swift in Sources */ = {isa = PBXBuildFile; fileRef = 1D80C2952B0780620006973A /* Classifier.swift */; };
		1D80C2982B0788B30006973A /* GradientBackgroundView.swift in Sources */ = {isa = PBXBuildFile; fileRef = 1D80C2972B0788B30006973A /* GradientBackgroundView.swift */; };
		1D80C29B2B0995120006973A /* PlantInfoView.swift in Sources */ = {isa = PBXBuildFile; fileRef = 1D80C29A2B0995120006973A /* PlantInfoView.swift */; };
		1D80C29E2B0A6D790006973A /* FlowerData.swift in Sources */ = {isa = PBXBuildFile; fileRef = 1D80C29D2B0A6D790006973A /* FlowerData.swift */; };
		1D80C2A02B0A6E910006973A /* FlowerViewModel.swift in Sources */ = {isa = PBXBuildFile; fileRef = 1D80C29F2B0A6E910006973A /* FlowerViewModel.swift */; };
		1D80C2A42B0B7C570006973A /* ErrorView.swift in Sources */ = {isa = PBXBuildFile; fileRef = 1D80C2A32B0B7C570006973A /* ErrorView.swift */; };
		1DC8B2AA2B0FD02A00EE92BF /* PlantMLModelv1.mlmodel in Sources */ = {isa = PBXBuildFile; fileRef = 1DC8B2A92B0FD02A00EE92BF /* PlantMLModelv1.mlmodel */; };
/* End PBXBuildFile section */

/* Begin PBXFileReference section */
		1D80C2762B062D530006973A /* plantAI.app */ = {isa = PBXFileReference; explicitFileType = wrapper.application; includeInIndex = 0; path = plantAI.app; sourceTree = BUILT_PRODUCTS_DIR; };
		1D80C2792B062D530006973A /* plantAIApp.swift */ = {isa = PBXFileReference; lastKnownFileType = sourcecode.swift; path = plantAIApp.swift; sourceTree = "<group>"; };
		1D80C27B2B062D530006973A /* MainView.swift */ = {isa = PBXFileReference; lastKnownFileType = sourcecode.swift; path = MainView.swift; sourceTree = "<group>"; };
		1D80C27D2B062D540006973A /* Assets.xcassets */ = {isa = PBXFileReference; lastKnownFileType = folder.assetcatalog; path = Assets.xcassets; sourceTree = "<group>"; };
		1D80C2802B062D540006973A /* Preview Assets.xcassets */ = {isa = PBXFileReference; lastKnownFileType = folder.assetcatalog; path = "Preview Assets.xcassets"; sourceTree = "<group>"; };
		1D80C2872B0633F20006973A /* ImagePicker.swift */ = {isa = PBXFileReference; lastKnownFileType = sourcecode.swift; path = ImagePicker.swift; sourceTree = "<group>"; };
		1D80C2932B077FD40006973A /* ImageClassifier.swift */ = {isa = PBXFileReference; lastKnownFileType = sourcecode.swift; path = ImageClassifier.swift; sourceTree = "<group>"; };
		1D80C2952B0780620006973A /* Classifier.swift */ = {isa = PBXFileReference; lastKnownFileType = sourcecode.swift; path = Classifier.swift; sourceTree = "<group>"; };
		1D80C2972B0788B30006973A /* GradientBackgroundView.swift */ = {isa = PBXFileReference; lastKnownFileType = sourcecode.swift; path = GradientBackgroundView.swift; sourceTree = "<group>"; };
		1D80C29A2B0995120006973A /* PlantInfoView.swift */ = {isa = PBXFileReference; lastKnownFileType = sourcecode.swift; path = PlantInfoView.swift; sourceTree = "<group>"; };
		1D80C29D2B0A6D790006973A /* FlowerData.swift */ = {isa = PBXFileReference; lastKnownFileType = sourcecode.swift; path = FlowerData.swift; sourceTree = "<group>"; };
		1D80C29F2B0A6E910006973A /* FlowerViewModel.swift */ = {isa = PBXFileReference; lastKnownFileType = sourcecode.swift; path = FlowerViewModel.swift; sourceTree = "<group>"; };
		1D80C2A32B0B7C570006973A /* ErrorView.swift */ = {isa = PBXFileReference; lastKnownFileType = sourcecode.swift; path = ErrorView.swift; sourceTree = "<group>"; };
		1DC8B2A92B0FD02A00EE92BF /* PlantMLModelv1.mlmodel */ = {isa = PBXFileReference; lastKnownFileType = file.mlmodel; name = PlantMLModelv1.mlmodel; path = ../../../../../plantAI/PlantMLModelv1.mlmodel; sourceTree = "<group>"; };
/* End PBXFileReference section */

/* Begin PBXFrameworksBuildPhase section */
		1D80C2732B062D530006973A /* Frameworks */ = {
			isa = PBXFrameworksBuildPhase;
			buildActionMask = 2147483647;
			files = (
			);
			runOnlyForDeploymentPostprocessing = 0;
		};
/* End PBXFrameworksBuildPhase section */

/* Begin PBXGroup section */
		1D80C26D2B062D530006973A = {
			isa = PBXGroup;
			children = (
				1D80C2782B062D530006973A /* plantAI */,
				1D80C2772B062D530006973A /* Products */,
			);
			sourceTree = "<group>";
		};
		1D80C2772B062D530006973A /* Products */ = {
			isa = PBXGroup;
			children = (
				1D80C2762B062D530006973A /* plantAI.app */,
			);
			name = Products;
			sourceTree = "<group>";
		};
		1D80C2782B062D530006973A /* plantAI */ = {
			isa = PBXGroup;
			children = (
				1D80C29C2B0A6D5F0006973A /* Data */,
				1D80C2992B0993B70006973A /* View */,
				1DD788732B0E177C0049200A /* Classification */,
				1D80C2792B062D530006973A /* plantAIApp.swift */,
				1D80C28D2B07717F0006973A /* ML model */,
				1D80C27D2B062D540006973A /* Assets.xcassets */,
				1D80C27F2B062D540006973A /* Preview Content */,
			);
			path = plantAI;
			sourceTree = "<group>";
		};
		1D80C27F2B062D540006973A /* Preview Content */ = {
			isa = PBXGroup;
			children = (
				1D80C2802B062D540006973A /* Preview Assets.xcassets */,
			);
			path = "Preview Content";
			sourceTree = "<group>";
		};
		1D80C28D2B07717F0006973A /* ML model */ = {
			isa = PBXGroup;
			children = (
				1DC8B2A92B0FD02A00EE92BF /* PlantMLModelv1.mlmodel */,
			);
			path = "ML model";
			sourceTree = "<group>";
		};
		1D80C2992B0993B70006973A /* View */ = {
			isa = PBXGroup;
			children = (
				1D80C2972B0788B30006973A /* GradientBackgroundView.swift */,
				1D80C2A32B0B7C570006973A /* ErrorView.swift */,
				1D80C27B2B062D530006973A /* MainView.swift */,
				1D80C29A2B0995120006973A /* PlantInfoView.swift */,
			);
			path = View;
			sourceTree = "<group>";
		};
		1D80C29C2B0A6D5F0006973A /* Data */ = {
			isa = PBXGroup;
			children = (
				1D80C29D2B0A6D790006973A /* FlowerData.swift */,
				1D80C29F2B0A6E910006973A /* FlowerViewModel.swift */,
			);
			path = Data;
			sourceTree = "<group>";
		};
		1DD788732B0E177C0049200A /* Classification */ = {
			isa = PBXGroup;
			children = (
				1D80C2872B0633F20006973A /* ImagePicker.swift */,
				1D80C2952B0780620006973A /* Classifier.swift */,
				1D80C2932B077FD40006973A /* ImageClassifier.swift */,
			);
			path = Classification;
			sourceTree = "<group>";
		};
/* End PBXGroup section */

/* Begin PBXNativeTarget section */
		1D80C2752B062D530006973A /* plantAI */ = {
			isa = PBXNativeTarget;
			buildConfigurationList = 1D80C2842B062D540006973A /* Build configuration list for PBXNativeTarget "plantAI" */;
			buildPhases = (
				1D80C2722B062D530006973A /* Sources */,
				1D80C2732B062D530006973A /* Frameworks */,
				1D80C2742B062D530006973A /* Resources */,
			);
			buildRules = (
			);
			dependencies = (
			);
			name = plantAI;
			productName = plantAI;
			productReference = 1D80C2762B062D530006973A /* plantAI.app */;
			productType = "com.apple.product-type.application";
		};
/* End PBXNativeTarget section */

/* Begin PBXProject section */
		1D80C26E2B062D530006973A /* Project object */ = {
			isa = PBXProject;
			attributes = {
				BuildIndependentTargetsInParallel = 1;
				LastSwiftUpdateCheck = 1500;
				LastUpgradeCheck = 1500;
				TargetAttributes = {
					1D80C2752B062D530006973A = {
						CreatedOnToolsVersion = 15.0;
					};
				};
			};
			buildConfigurationList = 1D80C2712B062D530006973A /* Build configuration list for PBXProject "plantAI" */;
			compatibilityVersion = "Xcode 14.0";
			developmentRegion = en;
			hasScannedForEncodings = 0;
			knownRegions = (
				en,
				Base,
			);
			mainGroup = 1D80C26D2B062D530006973A;
			productRefGroup = 1D80C2772B062D530006973A /* Products */;
			projectDirPath = "";
			projectRoot = "";
			targets = (
				1D80C2752B062D530006973A /* plantAI */,
			);
		};
/* End PBXProject section */

/* Begin PBXResourcesBuildPhase section */
		1D80C2742B062D530006973A /* Resources */ = {
			isa = PBXResourcesBuildPhase;
			buildActionMask = 2147483647;
			files = (
				1D80C2812B062D540006973A /* Preview Assets.xcassets in Resources */,
				1D80C27E2B062D540006973A /* Assets.xcassets in Resources */,
			);
			runOnlyForDeploymentPostprocessing = 0;
		};
/* End PBXResourcesBuildPhase section */

/* Begin PBXSourcesBuildPhase section */
		1D80C2722B062D530006973A /* Sources */ = {
			isa = PBXSourcesBuildPhase;
			buildActionMask = 2147483647;
			files = (
				1D80C2942B077FD40006973A /* ImageClassifier.swift in Sources */,
				1D80C2962B0780620006973A /* Classifier.swift in Sources */,
				1D80C29E2B0A6D790006973A /* FlowerData.swift in Sources */,
				1D80C2A02B0A6E910006973A /* FlowerViewModel.swift in Sources */,
				1D80C2882B0633F20006973A /* ImagePicker.swift in Sources */,
				1D80C2982B0788B30006973A /* GradientBackgroundView.swift in Sources */,
				1DC8B2AA2B0FD02A00EE92BF /* PlantMLModelv1.mlmodel in Sources */,
				1D80C27C2B062D530006973A /* MainView.swift in Sources */,
				1D80C2A42B0B7C570006973A /* ErrorView.swift in Sources */,
				1D80C27A2B062D530006973A /* plantAIApp.swift in Sources */,
				1D80C29B2B0995120006973A /* PlantInfoView.swift in Sources */,
			);
			runOnlyForDeploymentPostprocessing = 0;
		};
/* End PBXSourcesBuildPhase section */

/* Begin XCBuildConfiguration section */
		1D80C2822B062D540006973A /* Debug */ = {
			isa = XCBuildConfiguration;
			buildSettings = {
				ALWAYS_SEARCH_USER_PATHS = NO;
				ASSETCATALOG_COMPILER_GENERATE_SWIFT_ASSET_SYMBOL_EXTENSIONS = YES;
				CLANG_ANALYZER_NONNULL = YES;
				CLANG_ANALYZER_NUMBER_OBJECT_CONVERSION = YES_AGGRESSIVE;
				CLANG_CXX_LANGUAGE_STANDARD = "gnu++20";
				CLANG_ENABLE_MODULES = YES;
				CLANG_ENABLE_OBJC_ARC = YES;
				CLANG_ENABLE_OBJC_WEAK = YES;
				CLANG_WARN_BLOCK_CAPTURE_AUTORELEASING = YES;
				CLANG_WARN_BOOL_CONVERSION = YES;
				CLANG_WARN_COMMA = YES;
				CLANG_WARN_CONSTANT_CONVERSION = YES;
				CLANG_WARN_DEPRECATED_OBJC_IMPLEMENTATIONS = YES;
				CLANG_WARN_DIRECT_OBJC_ISA_USAGE = YES_ERROR;
				CLANG_WARN_DOCUMENTATION_COMMENTS = YES;
				CLANG_WARN_EMPTY_BODY = YES;
				CLANG_WARN_ENUM_CONVERSION = YES;
				CLANG_WARN_INFINITE_RECURSION = YES;
				CLANG_WARN_INT_CONVERSION = YES;
				CLANG_WARN_NON_LITERAL_NULL_CONVERSION = YES;
				CLANG_WARN_OBJC_IMPLICIT_RETAIN_SELF = YES;
				CLANG_WARN_OBJC_LITERAL_CONVERSION = YES;
				CLANG_WARN_OBJC_ROOT_CLASS = YES_ERROR;
				CLANG_WARN_QUOTED_INCLUDE_IN_FRAMEWORK_HEADER = YES;
				CLANG_WARN_RANGE_LOOP_ANALYSIS = YES;
				CLANG_WARN_STRICT_PROTOTYPES = YES;
				CLANG_WARN_SUSPICIOUS_MOVE = YES;
				CLANG_WARN_UNGUARDED_AVAILABILITY = YES_AGGRESSIVE;
				CLANG_WARN_UNREACHABLE_CODE = YES;
				CLANG_WARN__DUPLICATE_METHOD_MATCH = YES;
				COPY_PHASE_STRIP = NO;
				DEBUG_INFORMATION_FORMAT = dwarf;
				ENABLE_STRICT_OBJC_MSGSEND = YES;
				ENABLE_TESTABILITY = YES;
				ENABLE_USER_SCRIPT_SANDBOXING = YES;
				GCC_C_LANGUAGE_STANDARD = gnu17;
				GCC_DYNAMIC_NO_PIC = NO;
				GCC_NO_COMMON_BLOCKS = YES;
				GCC_OPTIMIZATION_LEVEL = 0;
				GCC_PREPROCESSOR_DEFINITIONS = (
					"DEBUG=1",
					"$(inherited)",
				);
				GCC_WARN_64_TO_32_BIT_CONVERSION = YES;
				GCC_WARN_ABOUT_RETURN_TYPE = YES_ERROR;
				GCC_WARN_UNDECLARED_SELECTOR = YES;
				GCC_WARN_UNINITIALIZED_AUTOS = YES_AGGRESSIVE;
				GCC_WARN_UNUSED_FUNCTION = YES;
				GCC_WARN_UNUSED_VARIABLE = YES;
				IPHONEOS_DEPLOYMENT_TARGET = 17.0;
				LOCALIZATION_PREFERS_STRING_CATALOGS = YES;
				MTL_ENABLE_DEBUG_INFO = INCLUDE_SOURCE;
				MTL_FAST_MATH = YES;
				ONLY_ACTIVE_ARCH = YES;
				SDKROOT = iphoneos;
				SWIFT_ACTIVE_COMPILATION_CONDITIONS = "DEBUG $(inherited)";
				SWIFT_OPTIMIZATION_LEVEL = "-Onone";
			};
			name = Debug;
		};
		1D80C2832B062D540006973A /* Release */ = {
			isa = XCBuildConfiguration;
			buildSettings = {
				ALWAYS_SEARCH_USER_PATHS = NO;
				ASSETCATALOG_COMPILER_GENERATE_SWIFT_ASSET_SYMBOL_EXTENSIONS = YES;
				CLANG_ANALYZER_NONNULL = YES;
				CLANG_ANALYZER_NUMBER_OBJECT_CONVERSION = YES_AGGRESSIVE;
				CLANG_CXX_LANGUAGE_STANDARD = "gnu++20";
				CLANG_ENABLE_MODULES = YES;
				CLANG_ENABLE_OBJC_ARC = YES;
				CLANG_ENABLE_OBJC_WEAK = YES;
				CLANG_WARN_BLOCK_CAPTURE_AUTORELEASING = YES;
				CLANG_WARN_BOOL_CONVERSION = YES;
				CLANG_WARN_COMMA = YES;
				CLANG_WARN_CONSTANT_CONVERSION = YES;
				CLANG_WARN_DEPRECATED_OBJC_IMPLEMENTATIONS = YES;
				CLANG_WARN_DIRECT_OBJC_ISA_USAGE = YES_ERROR;
				CLANG_WARN_DOCUMENTATION_COMMENTS = YES;
				CLANG_WARN_EMPTY_BODY = YES;
				CLANG_WARN_ENUM_CONVERSION = YES;
				CLANG_WARN_INFINITE_RECURSION = YES;
				CLANG_WARN_INT_CONVERSION = YES;
				CLANG_WARN_NON_LITERAL_NULL_CONVERSION = YES;
				CLANG_WARN_OBJC_IMPLICIT_RETAIN_SELF = YES;
				CLANG_WARN_OBJC_LITERAL_CONVERSION = YES;
				CLANG_WARN_OBJC_ROOT_CLASS = YES_ERROR;
				CLANG_WARN_QUOTED_INCLUDE_IN_FRAMEWORK_HEADER = YES;
				CLANG_WARN_RANGE_LOOP_ANALYSIS = YES;
				CLANG_WARN_STRICT_PROTOTYPES = YES;
				CLANG_WARN_SUSPICIOUS_MOVE = YES;
				CLANG_WARN_UNGUARDED_AVAILABILITY = YES_AGGRESSIVE;
				CLANG_WARN_UNREACHABLE_CODE = YES;
				CLANG_WARN__DUPLICATE_METHOD_MATCH = YES;
				COPY_PHASE_STRIP = NO;
				DEBUG_INFORMATION_FORMAT = "dwarf-with-dsym";
				ENABLE_NS_ASSERTIONS = NO;
				ENABLE_STRICT_OBJC_MSGSEND = YES;
				ENABLE_USER_SCRIPT_SANDBOXING = YES;
				GCC_C_LANGUAGE_STANDARD = gnu17;
				GCC_NO_COMMON_BLOCKS = YES;
				GCC_WARN_64_TO_32_BIT_CONVERSION = YES;
				GCC_WARN_ABOUT_RETURN_TYPE = YES_ERROR;
				GCC_WARN_UNDECLARED_SELECTOR = YES;
				GCC_WARN_UNINITIALIZED_AUTOS = YES_AGGRESSIVE;
				GCC_WARN_UNUSED_FUNCTION = YES;
				GCC_WARN_UNUSED_VARIABLE = YES;
				IPHONEOS_DEPLOYMENT_TARGET = 17.0;
				LOCALIZATION_PREFERS_STRING_CATALOGS = YES;
				MTL_ENABLE_DEBUG_INFO = NO;
				MTL_FAST_MATH = YES;
				SDKROOT = iphoneos;
				SWIFT_COMPILATION_MODE = wholemodule;
				VALIDATE_PRODUCT = YES;
			};
			name = Release;
		};
		1D80C2852B062D540006973A /* Debug */ = {
			isa = XCBuildConfiguration;
			buildSettings = {
				ASSETCATALOG_COMPILER_APPICON_NAME = AppIcon;
				ASSETCATALOG_COMPILER_GLOBAL_ACCENT_COLOR_NAME = AccentColor;
				CODE_SIGN_STYLE = Automatic;
				CURRENT_PROJECT_VERSION = 1;
				DEVELOPMENT_ASSET_PATHS = "\"plantAI/Preview Content\"";
				DEVELOPMENT_TEAM = 7YCDK4684M;
				ENABLE_PREVIEWS = YES;
				GENERATE_INFOPLIST_FILE = YES;
				INFOPLIST_KEY_NSCameraUsageDescription = "Using camera to predict with ai the plant in the image";
				INFOPLIST_KEY_UIApplicationSceneManifest_Generation = YES;
				INFOPLIST_KEY_UIApplicationSupportsIndirectInputEvents = YES;
				INFOPLIST_KEY_UILaunchScreen_Generation = YES;
				INFOPLIST_KEY_UISupportedInterfaceOrientations_iPad = "UIInterfaceOrientationPortrait UIInterfaceOrientationPortraitUpsideDown UIInterfaceOrientationLandscapeLeft UIInterfaceOrientationLandscapeRight";
				INFOPLIST_KEY_UISupportedInterfaceOrientations_iPhone = "UIInterfaceOrientationPortrait UIInterfaceOrientationLandscapeLeft UIInterfaceOrientationLandscapeRight";
				LD_RUNPATH_SEARCH_PATHS = (
					"$(inherited)",
					"@executable_path/Frameworks",
				);
				MARKETING_VERSION = 1.0;
				PRODUCT_BUNDLE_IDENTIFIER = developer.academy.plantAI;
				PRODUCT_NAME = "$(TARGET_NAME)";
				SWIFT_EMIT_LOC_STRINGS = YES;
				SWIFT_VERSION = 5.0;
				TARGETED_DEVICE_FAMILY = "1,2";
			};
			name = Debug;
		};
		1D80C2862B062D540006973A /* Release */ = {
			isa = XCBuildConfiguration;
			buildSettings = {
				ASSETCATALOG_COMPILER_APPICON_NAME = AppIcon;
				ASSETCATALOG_COMPILER_GLOBAL_ACCENT_COLOR_NAME = AccentColor;
				CODE_SIGN_STYLE = Automatic;
				CURRENT_PROJECT_VERSION = 1;
				DEVELOPMENT_ASSET_PATHS = "\"plantAI/Preview Content\"";
				DEVELOPMENT_TEAM = 7YCDK4684M;
				ENABLE_PREVIEWS = YES;
				GENERATE_INFOPLIST_FILE = YES;
				INFOPLIST_KEY_NSCameraUsageDescription = "Using camera to predict with ai the plant in the image";
				INFOPLIST_KEY_UIApplicationSceneManifest_Generation = YES;
				INFOPLIST_KEY_UIApplicationSupportsIndirectInputEvents = YES;
				INFOPLIST_KEY_UILaunchScreen_Generation = YES;
				INFOPLIST_KEY_UISupportedInterfaceOrientations_iPad = "UIInterfaceOrientationPortrait UIInterfaceOrientationPortraitUpsideDown UIInterfaceOrientationLandscapeLeft UIInterfaceOrientationLandscapeRight";
				INFOPLIST_KEY_UISupportedInterfaceOrientations_iPhone = "UIInterfaceOrientationPortrait UIInterfaceOrientationLandscapeLeft UIInterfaceOrientationLandscapeRight";
				LD_RUNPATH_SEARCH_PATHS = (
					"$(inherited)",
					"@executable_path/Frameworks",
				);
				MARKETING_VERSION = 1.0;
				PRODUCT_BUNDLE_IDENTIFIER = developer.academy.plantAI;
				PRODUCT_NAME = "$(TARGET_NAME)";
				SWIFT_EMIT_LOC_STRINGS = YES;
				SWIFT_VERSION = 5.0;
				TARGETED_DEVICE_FAMILY = "1,2";
			};
			name = Release;
		};
/* End XCBuildConfiguration section */

/* Begin XCConfigurationList section */
		1D80C2712B062D530006973A /* Build configuration list for PBXProject "plantAI" */ = {
			isa = XCConfigurationList;
			buildConfigurations = (
				1D80C2822B062D540006973A /* Debug */,
				1D80C2832B062D540006973A /* Release */,
			);
			defaultConfigurationIsVisible = 0;
			defaultConfigurationName = Release;
		};
		1D80C2842B062D540006973A /* Build configuration list for PBXNativeTarget "plantAI" */ = {
			isa = XCConfigurationList;
			buildConfigurations = (
				1D80C2852B062D540006973A /* Debug */,
				1D80C2862B062D540006973A /* Release */,
			);
			defaultConfigurationIsVisible = 0;
			defaultConfigurationName = Release;
		};
/* End XCConfigurationList section */
	};
	rootObject = 1D80C26E2B062D530006973A /* Project object */;
}
